{
  "name": "frontend",
  "lockfileVersion": 2,
  "requires": true,
  "packages": {
    "": {
      "dependencies": {
        "konva": "^8.3.10"
      }
    },
    "node_modules/konva": {
      "version": "8.3.10",
      "resolved": "https://registry.npmjs.org/konva/-/konva-8.3.10.tgz",
      "integrity": "sha512-5zOynjWBG9wWgpA634SDH+764eyoISpmHLTOCfQ3GFN8OBVd83Genk6H0R4D3hXV0kEGIFAv7RDcSVDtQpPOMw==",
      "funding": [
        {
          "type": "patreon",
          "url": "https://www.patreon.com/lavrton"
        },
        {
          "type": "opencollective",
          "url": "https://opencollective.com/konva"
        },
        {
          "type": "github",
          "url": "https://github.com/sponsors/lavrton"
        }
      ]
    }
  },
  "dependencies": {
    "konva": {
      "version": "8.3.10",
      "resolved": "https://registry.npmjs.org/konva/-/konva-8.3.10.tgz",
      "integrity": "sha512-5zOynjWBG9wWgpA634SDH+764eyoISpmHLTOCfQ3GFN8OBVd83Genk6H0R4D3hXV0kEGIFAv7RDcSVDtQpPOMw=="
    }
  }
}
